
Microsoft Visual Studio Solution File, Format Version 12.00
# Visual Studio Version 16
VisualStudioVersion = 16.0.31205.134
MinimumVisualStudioVersion = 10.0.40219.1
Project("{FAE04EC0-301F-11D3-BF4B-00C04F79EFBC}") = "ExampleDatabase.Android", "ExampleDatabase\ExampleDatabase.Android\ExampleDatabase.Android.csproj", "{7B7ECC95-872B-42FE-8C3D-9B22B45B5DC1}"
EndProject
Project("{FAE04EC0-301F-11D3-BF4B-00C04F79EFBC}") = "ExampleDatabase.iOS", "ExampleDatabase\ExampleDatabase.iOS\ExampleDatabase.iOS.csproj", "{463240AA-9FCA-4BE8-B0FE-10307439EEC5}"
EndProject
Project("{FAE04EC0-301F-11D3-BF4B-00C04F79EFBC}") = "ExampleDatabase", "ExampleDatabase\ExampleDatabase\ExampleDatabase.csproj", "{4E2A8247-AEE4-45F2-B128-F67EF031307A}"
EndProject
Global
	GlobalSection(SolutionConfigurationPlatforms) = preSolution
		Debug|Any CPU = Debug|Any CPU
		Debug|iPhone = Debug|iPhone
		Debug|iPhoneSimulator = Debug|iPhoneSimulator
		Release|Any CPU = Release|Any CPU
		Release|iPhone = Release|iPhone
		Release|iPhoneSimulator = Release|iPhoneSimulator
	EndGlobalSection
	GlobalSection(ProjectConfigurationPlatforms) = postSolution
		{7B7ECC95-872B-42FE-8C3D-9B22B45B5DC1}.Debug|Any CPU.ActiveCfg = Debug|Any CPU
		{7B7ECC95-872B-42FE-8C3D-9B22B45B5DC1}.Debug|Any CPU.Build.0 = Debug|Any CPU
		{7B7ECC95-872B-42FE-8C3D-9B22B45B5DC1}.Debug|Any CPU.Deploy.0 = Debug|Any CPU
		{7B7ECC95-872B-42FE-8C3D-9B22B45B5DC1}.Debug|iPhone.ActiveCfg = Debug|Any CPU
		{7B7ECC95-872B-42FE-8C3D-9B22B45B5DC1}.Debug|iPhone.Build.0 = Debug|Any CPU
		{7B7ECC95-872B-42FE-8C3D-9B22B45B5DC1}.Debug|iPhone.Deploy.0 = Debug|Any CPU
		{7B7ECC95-872B-42FE-8C3D-9B22B45B5DC1}.Debug|iPhoneSimulator.ActiveCfg = Debug|Any CPU
		{7B7ECC95-872B-42FE-8C3D-9B22B45B5DC1}.Debug|iPhoneSimulator.Build.0 = Debug|Any CPU
		{7B7ECC95-872B-42FE-8C3D-9B22B45B5DC1}.Debug|iPhoneSimulator.Deploy.0 = Debug|Any CPU
		{7B7ECC95-872B-42FE-8C3D-9B22B45B5DC1}.Release|Any CPU.ActiveCfg = Release|Any CPU
		{7B7ECC95-872B-42FE-8C3D-9B22B45B5DC1}.Release|Any CPU.Build.0 = Release|Any CPU
		{7B7ECC95-872B-42FE-8C3D-9B22B45B5DC1}.Release|Any CPU.Deploy.0 = Release|Any CPU
		{7B7ECC95-872B-42FE-8C3D-9B22B45B5DC1}.Release|iPhone.ActiveCfg = Release|Any CPU
		{7B7ECC95-872B-42FE-8C3D-9B22B45B5DC1}.Release|iPhone.Build.0 = Release|Any CPU
		{7B7ECC95-872B-42FE-8C3D-9B22B45B5DC1}.Release|iPhone.Deploy.0 = Release|Any CPU
		{7B7ECC95-872B-42FE-8C3D-9B22B45B5DC1}.Release|iPhoneSimulator.ActiveCfg = Release|Any CPU
		{7B7ECC95-872B-42FE-8C3D-9B22B45B5DC1}.Release|iPhoneSimulator.Build.0 = Release|Any CPU
		{7B7ECC95-872B-42FE-8C3D-9B22B45B5DC1}.Release|iPhoneSimulator.Deploy.0 = Release|Any CPU
		{463240AA-9FCA-4BE8-B0FE-10307439EEC5}.Debug|Any CPU.ActiveCfg = Debug|iPhone
		{463240AA-9FCA-4BE8-B0FE-10307439EEC5}.Debug|Any CPU.Build.0 = Debug|iPhone
		{463240AA-9FCA-4BE8-B0FE-10307439EEC5}.Debug|Any CPU.Deploy.0 = Debug|iPhone
		{463240AA-9FCA-4BE8-B0FE-10307439EEC5}.Debug|iPhone.ActiveCfg = Debug|iPhone
		{463240AA-9FCA-4BE8-B0FE-10307439EEC5}.Debug|iPhone.Build.0 = Debug|iPhone
		{463240AA-9FCA-4BE8-B0FE-10307439EEC5}.Debug|iPhone.Deploy.0 = Debug|iPhone
		{463240AA-9FCA-4BE8-B0FE-10307439EEC5}.Debug|iPhoneSimulator.ActiveCfg = Debug|iPhoneSimulator
		{463240AA-9FCA-4BE8-B0FE-10307439EEC5}.Debug|iPhoneSimulator.Build.0 = Debug|iPhoneSimulator
		{463240AA-9FCA-4BE8-B0FE-10307439EEC5}.Debug|iPhoneSimulator.Deploy.0 = Debug|iPhoneSimulator
		{463240AA-9FCA-4BE8-B0FE-10307439EEC5}.Release|Any CPU.ActiveCfg = Release|iPhoneSimulator
		{463240AA-9FCA-4BE8-B0FE-10307439EEC5}.Release|Any CPU.Build.0 = Release|iPhoneSimulator
		{463240AA-9FCA-4BE8-B0FE-10307439EEC5}.Release|Any CPU.Deploy.0 = Release|iPhoneSimulator
		{463240AA-9FCA-4BE8-B0FE-10307439EEC5}.Release|iPhone.ActiveCfg = Release|iPhone
		{463240AA-9FCA-4BE8-B0FE-10307439EEC5}.Release|iPhone.Build.0 = Release|iPhone
		{463240AA-9FCA-4BE8-B0FE-10307439EEC5}.Release|iPhone.Deploy.0 = Release|iPhone
		{463240AA-9FCA-4BE8-B0FE-10307439EEC5}.Release|iPhoneSimulator.ActiveCfg = Release|iPhoneSimulator
		{463240AA-9FCA-4BE8-B0FE-10307439EEC5}.Release|iPhoneSimulator.Build.0 = Release|iPhoneSimulator
		{463240AA-9FCA-4BE8-B0FE-10307439EEC5}.Release|iPhoneSimulator.Deploy.0 = Release|iPhoneSimulator
		{4E2A8247-AEE4-45F2-B128-F67EF031307A}.Debug|Any CPU.ActiveCfg = Debug|Any CPU
		{4E2A8247-AEE4-45F2-B128-F67EF031307A}.Debug|Any CPU.Build.0 = Debug|Any CPU
		{4E2A8247-AEE4-45F2-B128-F67EF031307A}.Debug|Any CPU.Deploy.0 = Debug|Any CPU
		{4E2A8247-AEE4-45F2-B128-F67EF031307A}.Debug|iPhone.ActiveCfg = Debug|Any CPU
		{4E2A8247-AEE4-45F2-B128-F67EF031307A}.Debug|iPhone.Build.0 = Debug|Any CPU
		{4E2A8247-AEE4-45F2-B128-F67EF031307A}.Debug|iPhone.Deploy.0 = Debug|Any CPU
		{4E2A8247-AEE4-45F2-B128-F67EF031307A}.Debug|iPhoneSimulator.ActiveCfg = Debug|Any CPU
		{4E2A8247-AEE4-45F2-B128-F67EF031307A}.Debug|iPhoneSimulator.Build.0 = Debug|Any CPU
		{4E2A8247-AEE4-45F2-B128-F67EF031307A}.Debug|iPhoneSimulator.Deploy.0 = Debug|Any CPU
		{4E2A8247-AEE4-45F2-B128-F67EF031307A}.Release|Any CPU.ActiveCfg = Release|Any CPU
		{4E2A8247-AEE4-45F2-B128-F67EF031307A}.Release|Any CPU.Build.0 = Release|Any CPU
		{4E2A8247-AEE4-45F2-B128-F67EF031307A}.Release|Any CPU.Deploy.0 = Release|Any CPU
		{4E2A8247-AEE4-45F2-B128-F67EF031307A}.Release|iPhone.ActiveCfg = Release|Any CPU
		{4E2A8247-AEE4-45F2-B128-F67EF031307A}.Release|iPhone.Build.0 = Release|Any CPU
		{4E2A8247-AEE4-45F2-B128-F67EF031307A}.Release|iPhone.Deploy.0 = Release|Any CPU
		{4E2A8247-AEE4-45F2-B128-F67EF031307A}.Release|iPhoneSimulator.ActiveCfg = Release|Any CPU
		{4E2A8247-AEE4-45F2-B128-F67EF031307A}.Release|iPhoneSimulator.Build.0 = Release|Any CPU
		{4E2A8247-AEE4-45F2-B128-F67EF031307A}.Release|iPhoneSimulator.Deploy.0 = Release|Any CPU
	EndGlobalSection
	GlobalSection(SolutionProperties) = preSolution
		HideSolutionNode = FALSE
	EndGlobalSection
	GlobalSection(ExtensibilityGlobals) = postSolution
		SolutionGuid = {48230981-C31F-4B09-B94E-413E06C4BC56}
	EndGlobalSection
EndGlobal
